<?xml version="1.0" encoding="utf-8"?>
<Project ToolsVersion="4.0" xmlns="http://schemas.microsoft.com/developer/msbuild/2003">
  <ItemGroup>
    <Filter Include="소스 파일">
      <UniqueIdentifier>{4FC737F1-C7A5-4376-A066-2A32D752A2FF}</UniqueIdentifier>
      <Extensions>cpp;c;cc;cxx;def;odl;idl;hpj;bat;asm;asmx</Extensions>
    </Filter>
    <Filter Include="헤더 파일">
      <UniqueIdentifier>{93995380-89BD-4b04-88EB-625FBE52EBFB}</UniqueIdentifier>
      <Extensions>h;hh;hpp;hxx;hm;inl;inc;ipp;xsd</Extensions>
    </Filter>
    <Filter Include="리소스 파일">
      <UniqueIdentifier>{67DA6AB6-F800-4c08-8B7A-83BB121AAD01}</UniqueIdentifier>
      <Extensions>rc;ico;cur;bmp;dlg;rc2;rct;bin;rgs;gif;jpg;jpeg;jpe;resx;tiff;tif;png;wav;mfcribbon-ms</Extensions>
    </Filter>
  </ItemGroup>
  <ItemGroup>
    <ClCompile Include="Examples\StringSplitExample.cpp">
      <Filter>소스 파일</Filter>
    </ClCompile>
    <ClCompile Include="Promblems\BJ11654.cpp">
      <Filter>소스 파일</Filter>
    </ClCompile>
    <ClCompile Include="Promblems\BJ1152.cpp">
      <Filter>소스 파일</Filter>
    </ClCompile>
    <ClCompile Include="Promblems\BJ10809.cpp">
      <Filter>소스 파일</Filter>
    </ClCompile>
    <ClCompile Include="Promblems\BJ1157.cpp">
      <Filter>소스 파일</Filter>
    </ClCompile>
    <ClCompile Include="Promblems\BJ2908.cpp">
      <Filter>소스 파일</Filter>
    </ClCompile>
    <ClCompile Include="Promblems\BJ10718.cpp">
      <Filter>소스 파일</Filter>
    </ClCompile>
    <ClCompile Include="Promblems\BJ10171.cpp">
      <Filter>소스 파일</Filter>
    </ClCompile>
    <ClCompile Include="Promblems\BJ10172.cpp">
      <Filter>소스 파일</Filter>
    </ClCompile>
    <ClCompile Include="Promblems\BJ2588.cpp">
      <Filter>소스 파일</Filter>
    </ClCompile>
    <ClCompile Include="Promblems\BJ1330.cpp">
      <Filter>소스 파일</Filter>
    </ClCompile>
    <ClCompile Include="Promblems\BJ14681.cpp">
      <Filter>소스 파일</Filter>
    </ClCompile>
    <ClCompile Include="Promblems\BJ9498.cpp">
      <Filter>소스 파일</Filter>
    </ClCompile>
    <ClCompile Include="Promblems\BJ2884.cpp">
      <Filter>소스 파일</Filter>
    </ClCompile>
    <ClCompile Include="Promblems\BJ2753.cpp">
      <Filter>소스 파일</Filter>
    </ClCompile>
    <ClCompile Include="Promblems\BJ10950.cpp">
      <Filter>소스 파일</Filter>
    </ClCompile>
    <ClCompile Include="Promblems\BJ15552.cpp">
      <Filter>소스 파일</Filter>
    </ClCompile>
    <ClCompile Include="Promblems\BJ11021.cpp">
      <Filter>소스 파일</Filter>
    </ClCompile>
    <ClCompile Include="Promblems\BJ11022.cpp">
      <Filter>소스 파일</Filter>
    </ClCompile>
    <ClCompile Include="Promblems\BJ10871.cpp">
      <Filter>소스 파일</Filter>
    </ClCompile>
    <ClCompile Include="Promblems\BJ10952.cpp">
      <Filter>소스 파일</Filter>
    </ClCompile>
    <ClCompile Include="Promblems\BJ10951.cpp">
      <Filter>소스 파일</Filter>
    </ClCompile>
    <ClCompile Include="Promblems\BJ1110.cpp">
      <Filter>소스 파일</Filter>
    </ClCompile>
    <ClCompile Include="Promblems\BJ10818.cpp">
      <Filter>소스 파일</Filter>
    </ClCompile>
    <ClCompile Include="Promblems\BJ2562.cpp">
      <Filter>소스 파일</Filter>
    </ClCompile>
    <ClCompile Include="Promblems\BJ3052.cpp">
      <Filter>소스 파일</Filter>
    </ClCompile>
    <ClCompile Include="Promblems\BJ1546.cpp">
      <Filter>소스 파일</Filter>
    </ClCompile>
    <ClCompile Include="Promblems\BJ4344.cpp">
      <Filter>소스 파일</Filter>
    </ClCompile>
    <ClCompile Include="Promblems\BJ15596.cpp">
      <Filter>소스 파일</Filter>
    </ClCompile>
    <ClCompile Include="Promblems\BJ4673.cpp">
      <Filter>소스 파일</Filter>
    </ClCompile>
    <ClCompile Include="Promblems\BJ1065.cpp">
      <Filter>소스 파일</Filter>
    </ClCompile>
    <ClCompile Include="Promblems\BJ2675.cpp">
      <Filter>소스 파일</Filter>
    </ClCompile>
    <ClCompile Include="Promblems\BJ5622.cpp">
      <Filter>소스 파일</Filter>
    </ClCompile>
    <ClCompile Include="Promblems\BJ1712.cpp">
      <Filter>소스 파일</Filter>
    </ClCompile>
    <ClCompile Include="Promblems\BJ2292.cpp">
      <Filter>소스 파일</Filter>
    </ClCompile>
  </ItemGroup>
</Project>